
Microsoft Visual Studio Solution File, Format Version 12.00
# Visual Studio 15
VisualStudioVersion = 15.0.28307.271
MinimumVisualStudioVersion = 10.0.40219.1
Project("{FAE04EC0-301F-11D3-BF4B-00C04F79EFBC}") = "Microsoft.Azure.CosmosDB.Aggregations", "Microsoft.Azure.CosmosDB.Aggregations.csproj", "{90AF4D76-678F-4A10-AFFE-181E01CB40B6}"
EndProject
Global
	GlobalSection(SolutionConfigurationPlatforms) = preSolution
		Debug|Any CPU = Debug|Any CPU
		Release|Any CPU = Release|Any CPU
	EndGlobalSection
	GlobalSection(ProjectConfigurationPlatforms) = postSolution
		{90AF4D76-678F-4A10-AFFE-181E01CB40B6}.Debug|Any CPU.ActiveCfg = Debug|Any CPU
		{90AF4D76-678F-4A10-AFFE-181E01CB40B6}.Debug|Any CPU.Build.0 = Debug|Any CPU
		{90AF4D76-678F-4A10-AFFE-181E01CB40B6}.Release|Any CPU.ActiveCfg = Release|Any CPU
		{90AF4D76-678F-4A10-AFFE-181E01CB40B6}.Release|Any CPU.Build.0 = Release|Any CPU
	EndGlobalSection
	GlobalSection(SolutionProperties) = preSolution
		HideSolutionNode = FALSE
	EndGlobalSection
	GlobalSection(ExtensibilityGlobals) = postSolution
		SolutionGuid = {FD4668EA-1356-41CB-B51F-658CF34CD39D}
	EndGlobalSection
EndGlobal
